{
  "version": 4,
  "terraform_version": "1.2.5",
  "serial": 15,
  "lineage": "3953dd11-fed9-836e-76e7-180ecad00fbf",
  "outputs": {},
  "resources": [
    {
      "module": "module.iam",
      "mode": "managed",
      "type": "google_project_iam_member",
      "name": "gke_service_account_compute_admin",
      "provider": "provider[\"registry.terraform.io/hashicorp/google\"]",
      "instances": [
        {
          "schema_version": 0,
          "attributes": {
            "condition": [],
            "etag": "BwYhER63DEA=",
            "id": "wide-axiom-428919-s0/roles/compute.admin/serviceAccount:cluster-service-account-id@wide-axiom-428919-s0.iam.gserviceaccount.com",
            "member": "serviceAccount:cluster-service-account-id@wide-axiom-428919-s0.iam.gserviceaccount.com",
            "project": "wide-axiom-428919-s0",
            "role": "roles/compute.admin"
          },
          "sensitive_attributes": [],
          "private": "bnVsbA==",
          "dependencies": [
            "module.iam.google_service_account.gke_service_account"
          ]
        }
      ]
    },
    {
      "module": "module.iam",
      "mode": "managed",
      "type": "google_project_iam_member",
      "name": "gke_service_account_container_admin",
      "provider": "provider[\"registry.terraform.io/hashicorp/google\"]",
      "instances": [
        {
          "schema_version": 0,
          "attributes": {
            "condition": [],
            "etag": "BwYhER63DEA=",
            "id": "wide-axiom-428919-s0/roles/container.admin/serviceAccount:cluster-service-account-id@wide-axiom-428919-s0.iam.gserviceaccount.com",
            "member": "serviceAccount:cluster-service-account-id@wide-axiom-428919-s0.iam.gserviceaccount.com",
            "project": "wide-axiom-428919-s0",
            "role": "roles/container.admin"
          },
          "sensitive_attributes": [],
          "private": "bnVsbA==",
          "dependencies": [
            "module.iam.google_service_account.gke_service_account"
          ]
        }
      ]
    },
    {
      "module": "module.iam",
      "mode": "managed",
      "type": "google_project_iam_member",
      "name": "gke_service_account_storage_viewer",
      "provider": "provider[\"registry.terraform.io/hashicorp/google\"]",
      "instances": [
        {
          "schema_version": 0,
          "attributes": {
            "condition": [],
            "etag": "BwYhER63DEA=",
            "id": "wide-axiom-428919-s0/roles/storage.objectViewer/serviceAccount:cluster-service-account-id@wide-axiom-428919-s0.iam.gserviceaccount.com",
            "member": "serviceAccount:cluster-service-account-id@wide-axiom-428919-s0.iam.gserviceaccount.com",
            "project": "wide-axiom-428919-s0",
            "role": "roles/storage.objectViewer"
          },
          "sensitive_attributes": [],
          "private": "bnVsbA==",
          "dependencies": [
            "module.iam.google_service_account.gke_service_account"
          ]
        }
      ]
    },
    {
      "module": "module.iam",
      "mode": "managed",
      "type": "google_service_account",
      "name": "gke_service_account",
      "provider": "provider[\"registry.terraform.io/hashicorp/google\"]",
      "instances": [
        {
          "schema_version": 0,
          "attributes": {
            "account_id": "cluster-service-account-id",
            "create_ignore_already_exists": null,
            "description": "",
            "disabled": false,
            "display_name": "cluster-service-account-name-GKE-Service-Account",
            "email": "cluster-service-account-id@wide-axiom-428919-s0.iam.gserviceaccount.com",
            "id": "projects/wide-axiom-428919-s0/serviceAccounts/cluster-service-account-id@wide-axiom-428919-s0.iam.gserviceaccount.com",
            "member": "serviceAccount:cluster-service-account-id@wide-axiom-428919-s0.iam.gserviceaccount.com",
            "name": "projects/wide-axiom-428919-s0/serviceAccounts/cluster-service-account-id@wide-axiom-428919-s0.iam.gserviceaccount.com",
            "project": "wide-axiom-428919-s0",
            "timeouts": null,
            "unique_id": "112477817795660994596"
          },
          "sensitive_attributes": [],
          "private": "eyJlMmJmYjczMC1lY2FhLTExZTYtOGY4OC0zNDM2M2JjN2M0YzAiOnsiY3JlYXRlIjozMDAwMDAwMDAwMDB9fQ=="
        }
      ]
    },
    {
      "module": "module.vpc-network",
      "mode": "managed",
      "type": "google_compute_firewall",
      "name": "allow_internal",
      "provider": "provider[\"registry.terraform.io/hashicorp/google\"]",
      "instances": [
        {
          "schema_version": 1,
          "attributes": {
            "allow": [
              {
                "ports": [
                  "22",
                  "443"
                ],
                "protocol": "tcp"
              },
              {
                "ports": [],
                "protocol": "icmp"
              }
            ],
            "creation_timestamp": "2024-09-01T07:43:33.258-07:00",
            "deny": [],
            "description": "",
            "destination_ranges": [],
            "direction": "INGRESS",
            "disabled": false,
            "enable_logging": null,
            "id": "projects/wide-axiom-428919-s0/global/firewalls/gcp-api-infrastructure-internal-firewall-rule",
            "log_config": [],
            "name": "gcp-api-infrastructure-internal-firewall-rule",
            "network": "https://www.googleapis.com/compute/v1/projects/wide-axiom-428919-s0/global/networks/gcp-api-infrastructure-vpc-network-dev",
            "priority": 1000,
            "project": "wide-axiom-428919-s0",
            "self_link": "https://www.googleapis.com/compute/v1/projects/wide-axiom-428919-s0/global/firewalls/gcp-api-infrastructure-internal-firewall-rule",
            "source_ranges": [
              "10.0.0.0/16"
            ],
            "source_service_accounts": [],
            "source_tags": [],
            "target_service_accounts": [],
            "target_tags": [],
            "timeouts": null
          },
          "sensitive_attributes": [],
          "private": "eyJlMmJmYjczMC1lY2FhLTExZTYtOGY4OC0zNDM2M2JjN2M0YzAiOnsiY3JlYXRlIjoxMjAwMDAwMDAwMDAwLCJkZWxldGUiOjEyMDAwMDAwMDAwMDAsInVwZGF0ZSI6MTIwMDAwMDAwMDAwMH0sInNjaGVtYV92ZXJzaW9uIjoiMSJ9",
          "dependencies": [
            "module.vpc-network.google_compute_network.vpc-network"
          ]
        }
      ]
    },
    {
      "module": "module.vpc-network",
      "mode": "managed",
      "type": "google_compute_network",
      "name": "vpc-network",
      "provider": "provider[\"registry.terraform.io/hashicorp/google\"]",
      "instances": [
        {
          "schema_version": 0,
          "attributes": {
            "auto_create_subnetworks": false,
            "delete_default_routes_on_create": false,
            "description": "VPC for gcp-api-infrastructure in dev environment",
            "enable_ula_internal_ipv6": false,
            "gateway_ipv4": "",
            "id": "projects/wide-axiom-428919-s0/global/networks/gcp-api-infrastructure-vpc-network-dev",
            "internal_ipv6_range": "",
            "mtu": 0,
            "name": "gcp-api-infrastructure-vpc-network-dev",
            "network_firewall_policy_enforcement_order": "AFTER_CLASSIC_FIREWALL",
            "numeric_id": "6976038008704844691",
            "project": "wide-axiom-428919-s0",
            "routing_mode": "REGIONAL",
            "self_link": "https://www.googleapis.com/compute/v1/projects/wide-axiom-428919-s0/global/networks/gcp-api-infrastructure-vpc-network-dev",
            "timeouts": null
          },
          "sensitive_attributes": [],
          "private": "eyJlMmJmYjczMC1lY2FhLTExZTYtOGY4OC0zNDM2M2JjN2M0YzAiOnsiY3JlYXRlIjoxMjAwMDAwMDAwMDAwLCJkZWxldGUiOjEyMDAwMDAwMDAwMDAsInVwZGF0ZSI6MTIwMDAwMDAwMDAwMH19"
        }
      ]
    },
    {
      "module": "module.vpc-network",
      "mode": "managed",
      "type": "google_compute_router",
      "name": "nat_router",
      "provider": "provider[\"registry.terraform.io/hashicorp/google\"]",
      "instances": [
        {
          "schema_version": 0,
          "attributes": {
            "bgp": [],
            "creation_timestamp": "2024-09-01T07:43:33.291-07:00",
            "description": "",
            "encrypted_interconnect_router": false,
            "id": "projects/wide-axiom-428919-s0/regions/us-central1/routers/gcp-api-infrastructure-nat-router",
            "name": "gcp-api-infrastructure-nat-router",
            "network": "https://www.googleapis.com/compute/v1/projects/wide-axiom-428919-s0/global/networks/gcp-api-infrastructure-vpc-network-dev",
            "project": "wide-axiom-428919-s0",
            "region": "us-central1",
            "self_link": "https://www.googleapis.com/compute/v1/projects/wide-axiom-428919-s0/regions/us-central1/routers/gcp-api-infrastructure-nat-router",
            "timeouts": null
          },
          "sensitive_attributes": [],
          "private": "eyJlMmJmYjczMC1lY2FhLTExZTYtOGY4OC0zNDM2M2JjN2M0YzAiOnsiY3JlYXRlIjoxMjAwMDAwMDAwMDAwLCJkZWxldGUiOjEyMDAwMDAwMDAwMDAsInVwZGF0ZSI6MTIwMDAwMDAwMDAwMH19",
          "dependencies": [
            "module.vpc-network.google_compute_network.vpc-network"
          ]
        }
      ]
    },
    {
      "module": "module.vpc-network",
      "mode": "managed",
      "type": "google_compute_router_nat",
      "name": "nat_gateway",
      "provider": "provider[\"registry.terraform.io/hashicorp/google\"]",
      "instances": [
        {
          "schema_version": 0,
          "attributes": {
            "auto_network_tier": "PREMIUM",
            "drain_nat_ips": [],
            "enable_dynamic_port_allocation": false,
            "enable_endpoint_independent_mapping": false,
            "endpoint_types": [
              "ENDPOINT_TYPE_VM"
            ],
            "icmp_idle_timeout_sec": 30,
            "id": "wide-axiom-428919-s0/us-central1/gcp-api-infrastructure-nat-router/gcp-api-infrastructure-nat-gateway",
            "log_config": [],
            "max_ports_per_vm": 0,
            "min_ports_per_vm": 0,
            "name": "gcp-api-infrastructure-nat-gateway",
            "nat_ip_allocate_option": "AUTO_ONLY",
            "nat_ips": [],
            "project": "wide-axiom-428919-s0",
            "region": "us-central1",
            "router": "gcp-api-infrastructure-nat-router",
            "rules": [],
            "source_subnetwork_ip_ranges_to_nat": "ALL_SUBNETWORKS_ALL_IP_RANGES",
            "subnetwork": [],
            "tcp_established_idle_timeout_sec": 1200,
            "tcp_time_wait_timeout_sec": 120,
            "tcp_transitory_idle_timeout_sec": 30,
            "timeouts": null,
            "udp_idle_timeout_sec": 30
          },
          "sensitive_attributes": [],
          "private": "eyJlMmJmYjczMC1lY2FhLTExZTYtOGY4OC0zNDM2M2JjN2M0YzAiOnsiY3JlYXRlIjoxMjAwMDAwMDAwMDAwLCJkZWxldGUiOjEyMDAwMDAwMDAwMDAsInVwZGF0ZSI6MTIwMDAwMDAwMDAwMH19",
          "dependencies": [
            "module.vpc-network.google_compute_network.vpc-network",
            "module.vpc-network.google_compute_router.nat_router"
          ]
        }
      ]
    },
    {
      "module": "module.vpc-network",
      "mode": "managed",
      "type": "google_compute_subnetwork",
      "name": "private",
      "provider": "provider[\"registry.terraform.io/hashicorp/google\"]",
      "instances": [
        {
          "schema_version": 0,
          "attributes": {
            "creation_timestamp": "2024-09-01T07:43:33.386-07:00",
            "description": "",
            "external_ipv6_prefix": "",
            "fingerprint": null,
            "gateway_address": "10.0.0.1",
            "id": "projects/wide-axiom-428919-s0/regions/us-central1/subnetworks/gcp-api-infrastructure-private-subnet",
            "internal_ipv6_prefix": "",
            "ip_cidr_range": "10.0.0.0/16",
            "ipv6_access_type": "",
            "ipv6_cidr_range": "",
            "log_config": [],
            "name": "gcp-api-infrastructure-private-subnet",
            "network": "https://www.googleapis.com/compute/v1/projects/wide-axiom-428919-s0/global/networks/gcp-api-infrastructure-vpc-network-dev",
            "private_ip_google_access": true,
            "private_ipv6_google_access": "DISABLE_GOOGLE_ACCESS",
            "project": "wide-axiom-428919-s0",
            "purpose": "PRIVATE",
            "region": "us-central1",
            "reserved_internal_range": "",
            "role": "",
            "secondary_ip_range": [],
            "self_link": "https://www.googleapis.com/compute/v1/projects/wide-axiom-428919-s0/regions/us-central1/subnetworks/gcp-api-infrastructure-private-subnet",
            "send_secondary_ip_range_if_empty": null,
            "stack_type": "IPV4_ONLY",
            "timeouts": null
          },
          "sensitive_attributes": [],
          "private": "eyJlMmJmYjczMC1lY2FhLTExZTYtOGY4OC0zNDM2M2JjN2M0YzAiOnsiY3JlYXRlIjoxMjAwMDAwMDAwMDAwLCJkZWxldGUiOjEyMDAwMDAwMDAwMDAsInVwZGF0ZSI6MTIwMDAwMDAwMDAwMH19",
          "dependencies": [
            "module.vpc-network.google_compute_network.vpc-network"
          ]
        }
      ]
    }
  ]
}
